// !$*UTF8*$!
{
	archiveVersion = 1;
	classes = {
	};
	objectVersion = 46;
	objects = {

/* Begin PBXBuildFile section */
		36A750301B32F6F90017DBC3 /* main.m in Sources */ = {isa = PBXBuildFile; fileRef = 36A7502F1B32F6F90017DBC3 /* main.m */; };
		36A750331B32F6F90017DBC3 /* AppDelegate.m in Sources */ = {isa = PBXBuildFile; fileRef = 36A750321B32F6F90017DBC3 /* AppDelegate.m */; };
		36A750361B32F6F90017DBC3 /* MySmartHome.xcdatamodeld in Sources */ = {isa = PBXBuildFile; fileRef = 36A750341B32F6F90017DBC3 /* MySmartHome.xcdatamodeld */; };
		36A750391B32F6F90017DBC3 /* ViewController.m in Sources */ = {isa = PBXBuildFile; fileRef = 36A750381B32F6F90017DBC3 /* ViewController.m */; };
		36A7503C1B32F6F90017DBC3 /* Main.storyboard in Resources */ = {isa = PBXBuildFile; fileRef = 36A7503A1B32F6F90017DBC3 /* Main.storyboard */; };
		36A7503E1B32F6F90017DBC3 /* Images.xcassets in Resources */ = {isa = PBXBuildFile; fileRef = 36A7503D1B32F6F90017DBC3 /* Images.xcassets */; };
		36A750411B32F6F90017DBC3 /* LaunchScreen.xib in Resources */ = {isa = PBXBuildFile; fileRef = 36A7503F1B32F6F90017DBC3 /* LaunchScreen.xib */; };
		36A7504D1B32F6F90017DBC3 /* MySmartHomeTests.m in Sources */ = {isa = PBXBuildFile; fileRef = 36A7504C1B32F6F90017DBC3 /* MySmartHomeTests.m */; };
/* End PBXBuildFile section */

/* Begin PBXContainerItemProxy section */
		36A750471B32F6F90017DBC3 /* PBXContainerItemProxy */ = {
			isa = PBXContainerItemProxy;
			containerPortal = 36A750221B32F6F90017DBC3 /* Project object */;
			proxyType = 1;
			remoteGlobalIDString = 36A750291B32F6F90017DBC3;
			remoteInfo = MySmartHome;
		};
/* End PBXContainerItemProxy section */

/* Begin PBXFileReference section */
		36A7502A1B32F6F90017DBC3 /* MySmartHome.app */ = {isa = PBXFileReference; explicitFileType = wrapper.application; includeInIndex = 0; path = MySmartHome.app; sourceTree = BUILT_PRODUCTS_DIR; };
		36A7502E1B32F6F90017DBC3 /* Info.plist */ = {isa = PBXFileReference; lastKnownFileType = text.plist.xml; path = Info.plist; sourceTree = "<group>"; };
		36A7502F1B32F6F90017DBC3 /* main.m */ = {isa = PBXFileReference; lastKnownFileType = sourcecode.c.objc; path = main.m; sourceTree = "<group>"; };
		36A750311B32F6F90017DBC3 /* AppDelegate.h */ = {isa = PBXFileReference; lastKnownFileType = sourcecode.c.h; path = AppDelegate.h; sourceTree = "<group>"; };
		36A750321B32F6F90017DBC3 /* AppDelegate.m */ = {isa = PBXFileReference; lastKnownFileType = sourcecode.c.objc; path = AppDelegate.m; sourceTree = "<group>"; };
		36A750351B32F6F90017DBC3 /* MySmartHome.xcdatamodel */ = {isa = PBXFileReference; lastKnownFileType = wrapper.xcdatamodel; path = MySmartHome.xcdatamodel; sourceTree = "<group>"; };
		36A750371B32F6F90017DBC3 /* ViewController.h */ = {isa = PBXFileReference; lastKnownFileType = sourcecode.c.h; path = ViewController.h; sourceTree = "<group>"; };
		36A750381B32F6F90017DBC3 /* ViewController.m */ = {isa = PBXFileReference; lastKnownFileType = sourcecode.c.objc; path = ViewController.m; sourceTree = "<group>"; };
		36A7503B1B32F6F90017DBC3 /* Base */ = {isa = PBXFileReference; lastKnownFileType = file.storyboard; name = Base; path = Base.lproj/Main.storyboard; sourceTree = "<group>"; };
		36A7503D1B32F6F90017DBC3 /* Images.xcassets */ = {isa = PBXFileReference; lastKnownFileType = folder.assetcatalog; path = Images.xcassets; sourceTree = "<group>"; };
		36A750401B32F6F90017DBC3 /* Base */ = {isa = PBXFileReference; lastKnownFileType = file.xib; name = Base; path = Base.lproj/LaunchScreen.xib; sourceTree = "<group>"; };
		36A750461B32F6F90017DBC3 /* MySmartHomeTests.xctest */ = {isa = PBXFileReference; explicitFileType = wrapper.cfbundle; includeInIndex = 0; path = MySmartHomeTests.xctest; sourceTree = BUILT_PRODUCTS_DIR; };
		36A7504B1B32F6F90017DBC3 /* Info.plist */ = {isa = PBXFileReference; lastKnownFileType = text.plist.xml; path = Info.plist; sourceTree = "<group>"; };
		36A7504C1B32F6F90017DBC3 /* MySmartHomeTests.m */ = {isa = PBXFileReference; lastKnownFileType = sourcecode.c.objc; path = MySmartHomeTests.m; sourceTree = "<group>"; };
/* End PBXFileReference section */

/* Begin PBXFrameworksBuildPhase section */
		36A750271B32F6F90017DBC3 /* Frameworks */ = {
			isa = PBXFrameworksBuildPhase;
			buildActionMask = 2147483647;
			files = (
			);
			runOnlyForDeploymentPostprocessing = 0;
		};
		36A750431B32F6F90017DBC3 /* Frameworks */ = {
			isa = PBXFrameworksBuildPhase;
			buildActionMask = 2147483647;
			files = (
			);
			runOnlyForDeploymentPostprocessing = 0;
		};
/* End PBXFrameworksBuildPhase section */

/* Begin PBXGroup section */
		36A750211B32F6F90017DBC3 = {
			isa = PBXGroup;
			children = (
				36A7502C1B32F6F90017DBC3 /* MySmartHome */,
				36A750491B32F6F90017DBC3 /* MySmartHomeTests */,
				36A7502B1B32F6F90017DBC3 /* Products */,
			);
			sourceTree = "<group>";
		};
		36A7502B1B32F6F90017DBC3 /* Products */ = {
			isa = PBXGroup;
			children = (
				36A7502A1B32F6F90017DBC3 /* MySmartHome.app */,
				36A750461B32F6F90017DBC3 /* MySmartHomeTests.xctest */,
			);
			name = Products;
			sourceTree = "<group>";
		};
		36A7502C1B32F6F90017DBC3 /* MySmartHome */ = {
			isa = PBXGroup;
			children = (
				36A750311B32F6F90017DBC3 /* AppDelegate.h */,
				36A750321B32F6F90017DBC3 /* AppDelegate.m */,
				36A750371B32F6F90017DBC3 /* ViewController.h */,
				36A750381B32F6F90017DBC3 /* ViewController.m */,
				36A7503A1B32F6F90017DBC3 /* Main.storyboard */,
				36A7503D1B32F6F90017DBC3 /* Images.xcassets */,
				36A7503F1B32F6F90017DBC3 /* LaunchScreen.xib */,
				36A750341B32F6F90017DBC3 /* MySmartHome.xcdatamodeld */,
				36A7502D1B32F6F90017DBC3 /* Supporting Files */,
			);
			path = MySmartHome;
			sourceTree = "<group>";
		};
		36A7502D1B32F6F90017DBC3 /* Supporting Files */ = {
			isa = PBXGroup;
			children = (
				36A7502E1B32F6F90017DBC3 /* Info.plist */,
				36A7502F1B32F6F90017DBC3 /* main.m */,
			);
			name = "Supporting Files";
			sourceTree = "<group>";
		};
		36A750491B32F6F90017DBC3 /* MySmartHomeTests */ = {
			isa = PBXGroup;
			children = (
				36A7504C1B32F6F90017DBC3 /* MySmartHomeTests.m */,
				36A7504A1B32F6F90017DBC3 /* Supporting Files */,
			);
			path = MySmartHomeTests;
			sourceTree = "<group>";
		};
		36A7504A1B32F6F90017DBC3 /* Supporting Files */ = {
			isa = PBXGroup;
			children = (
				36A7504B1B32F6F90017DBC3 /* Info.plist */,
			);
			name = "Supporting Files";
			sourceTree = "<group>";
		};
/* End PBXGroup section */

/* Begin PBXNativeTarget section */
		36A750291B32F6F90017DBC3 /* MySmartHome */ = {
			isa = PBXNativeTarget;
			buildConfigurationList = 36A750501B32F6F90017DBC3 /* Build configuration list for PBXNativeTarget "MySmartHome" */;
			buildPhases = (
				36A750261B32F6F90017DBC3 /* Sources */,
				36A750271B32F6F90017DBC3 /* Frameworks */,
				36A750281B32F6F90017DBC3 /* Resources */,
			);
			buildRules = (
			);
			dependencies = (
			);
			name = MySmartHome;
			productName = MySmartHome;
			productReference = 36A7502A1B32F6F90017DBC3 /* MySmartHome.app */;
			productType = "com.apple.product-type.application";
		};
		36A750451B32F6F90017DBC3 /* MySmartHomeTests */ = {
			isa = PBXNativeTarget;
			buildConfigurationList = 36A750531B32F6F90017DBC3 /* Build configuration list for PBXNativeTarget "MySmartHomeTests" */;
			buildPhases = (
				36A750421B32F6F90017DBC3 /* Sources */,
				36A750431B32F6F90017DBC3 /* Frameworks */,
				36A750441B32F6F90017DBC3 /* Resources */,
			);
			buildRules = (
			);
			dependencies = (
				36A750481B32F6F90017DBC3 /* PBXTargetDependency */,
			);
			name = MySmartHomeTests;
			productName = MySmartHomeTests;
			productReference = 36A750461B32F6F90017DBC3 /* MySmartHomeTests.xctest */;
			productType = "com.apple.product-type.bundle.unit-test";
		};
/* End PBXNativeTarget section */

/* Begin PBXProject section */
		36A750221B32F6F90017DBC3 /* Project object */ = {
			isa = PBXProject;
			attributes = {
				LastUpgradeCheck = 0630;
				ORGANIZATIONNAME = "罗娇";
				TargetAttributes = {
					36A750291B32F6F90017DBC3 = {
						CreatedOnToolsVersion = 6.3.1;
					};
					36A750451B32F6F90017DBC3 = {
						CreatedOnToolsVersion = 6.3.1;
						TestTargetID = 36A750291B32F6F90017DBC3;
					};
				};
			};
			buildConfigurationList = 36A750251B32F6F90017DBC3 /* Build configuration list for PBXProject "MySmartHome" */;
			compatibilityVersion = "Xcode 3.2";
			developmentRegion = English;
			hasScannedForEncodings = 0;
			knownRegions = (
				en,
				Base,
			);
			mainGroup = 36A750211B32F6F90017DBC3;
			productRefGroup = 36A7502B1B32F6F90017DBC3 /* Products */;
			projectDirPath = "";
			projectRoot = "";
			targets = (
				36A750291B32F6F90017DBC3 /* MySmartHome */,
				36A750451B32F6F90017DBC3 /* MySmartHomeTests */,
			);
		};
/* End PBXProject section */

/* Begin PBXResourcesBuildPhase section */
		36A750281B32F6F90017DBC3 /* Resources */ = {
			isa = PBXResourcesBuildPhase;
			buildActionMask = 2147483647;
			files = (
				36A7503C1B32F6F90017DBC3 /* Main.storyboard in Resources */,
				36A750411B32F6F90017DBC3 /* LaunchScreen.xib in Resources */,
				36A7503E1B32F6F90017DBC3 /* Images.xcassets in Resources */,
			);
			runOnlyForDeploymentPostprocessing = 0;
		};
		36A750441B32F6F90017DBC3 /* Resources */ = {
			isa = PBXResourcesBuildPhase;
			buildActionMask = 2147483647;
			files = (
			);
			runOnlyForDeploymentPostprocessing = 0;
		};
/* End PBXResourcesBuildPhase section */

/* Begin PBXSourcesBuildPhase section */
		36A750261B32F6F90017DBC3 /* Sources */ = {
			isa = PBXSourcesBuildPhase;
			buildActionMask = 2147483647;
			files = (
				36A750361B32F6F90017DBC3 /* MySmartHome.xcdatamodeld in Sources */,
				36A750331B32F6F90017DBC3 /* AppDelegate.m in Sources */,
				36A750391B32F6F90017DBC3 /* ViewController.m in Sources */,
				36A750301B32F6F90017DBC3 /* main.m in Sources */,
			);
			runOnlyForDeploymentPostprocessing = 0;
		};
		36A750421B32F6F90017DBC3 /* Sources */ = {
			isa = PBXSourcesBuildPhase;
			buildActionMask = 2147483647;
			files = (
				36A7504D1B32F6F90017DBC3 /* MySmartHomeTests.m in Sources */,
			);
			runOnlyForDeploymentPostprocessing = 0;
		};
/* End PBXSourcesBuildPhase section */

/* Begin PBXTargetDependency section */
		36A750481B32F6F90017DBC3 /* PBXTargetDependency */ = {
			isa = PBXTargetDependency;
			target = 36A750291B32F6F90017DBC3 /* MySmartHome */;
			targetProxy = 36A750471B32F6F90017DBC3 /* PBXContainerItemProxy */;
		};
/* End PBXTargetDependency section */

/* Begin PBXVariantGroup section */
		36A7503A1B32F6F90017DBC3 /* Main.storyboard */ = {
			isa = PBXVariantGroup;
			children = (
				36A7503B1B32F6F90017DBC3 /* Base */,
			);
			name = Main.storyboard;
			sourceTree = "<group>";
		};
		36A7503F1B32F6F90017DBC3 /* LaunchScreen.xib */ = {
			isa = PBXVariantGroup;
			children = (
				36A750401B32F6F90017DBC3 /* Base */,
			);
			name = LaunchScreen.xib;
			sourceTree = "<group>";
		};
/* End PBXVariantGroup section */

/* Begin XCBuildConfiguration section */
		36A7504E1B32F6F90017DBC3 /* Debug */ = {
			isa = XCBuildConfiguration;
			buildSettings = {
				ALWAYS_SEARCH_USER_PATHS = NO;
				CLANG_CXX_LANGUAGE_STANDARD = "gnu++0x";
				CLANG_CXX_LIBRARY = "libc++";
				CLANG_ENABLE_MODULES = YES;
				CLANG_ENABLE_OBJC_ARC = YES;
				CLANG_WARN_BOOL_CONVERSION = YES;
				CLANG_WARN_CONSTANT_CONVERSION = YES;
				CLANG_WARN_DIRECT_OBJC_ISA_USAGE = YES_ERROR;
				CLANG_WARN_EMPTY_BODY = YES;
				CLANG_WARN_ENUM_CONVERSION = YES;
				CLANG_WARN_INT_CONVERSION = YES;
				CLANG_WARN_OBJC_ROOT_CLASS = YES_ERROR;
				CLANG_WARN_UNREACHABLE_CODE = YES;
				CLANG_WARN__DUPLICATE_METHOD_MATCH = YES;
				"CODE_SIGN_IDENTITY[sdk=iphoneos*]" = "iPhone Developer";
				COPY_PHASE_STRIP = NO;
				DEBUG_INFORMATION_FORMAT = "dwarf-with-dsym";
				ENABLE_STRICT_OBJC_MSGSEND = YES;
				GCC_C_LANGUAGE_STANDARD = gnu99;
				GCC_DYNAMIC_NO_PIC = NO;
				GCC_NO_COMMON_BLOCKS = YES;
				GCC_OPTIMIZATION_LEVEL = 0;
				GCC_PREPROCESSOR_DEFINITIONS = (
					"DEBUG=1",
					"$(inherited)",
				);
				GCC_SYMBOLS_PRIVATE_EXTERN = NO;
				GCC_WARN_64_TO_32_BIT_CONVERSION = YES;
				GCC_WARN_ABOUT_RETURN_TYPE = YES_ERROR;
				GCC_WARN_UNDECLARED_SELECTOR = YES;
				GCC_WARN_UNINITIALIZED_AUTOS = YES_AGGRESSIVE;
				GCC_WARN_UNUSED_FUNCTION = YES;
				GCC_WARN_UNUSED_VARIABLE = YES;
				IPHONEOS_DEPLOYMENT_TARGET = 8.3;
				MTL_ENABLE_DEBUG_INFO = YES;
				ONLY_ACTIVE_ARCH = YES;
				SDKROOT = iphoneos;
				TARGETED_DEVICE_FAMILY = "1,2";
			};
			name = Debug;
		};
		36A7504F1B32F6F90017DBC3 /* Release */ = {
			isa = XCBuildConfiguration;
			buildSettings = {
				ALWAYS_SEARCH_USER_PATHS = NO;
				CLANG_CXX_LANGUAGE_STANDARD = "gnu++0x";
				CLANG_CXX_LIBRARY = "libc++";
				CLANG_ENABLE_MODULES = YES;
				CLANG_ENABLE_OBJC_ARC = YES;
				CLANG_WARN_BOOL_CONVERSION = YES;
				CLANG_WARN_CONSTANT_CONVERSION = YES;
				CLANG_WARN_DIRECT_OBJC_ISA_USAGE = YES_ERROR;
				CLANG_WARN_EMPTY_BODY = YES;
				CLANG_WARN_ENUM_CONVERSION = YES;
				CLANG_WARN_INT_CONVERSION = YES;
				CLANG_WARN_OBJC_ROOT_CLASS = YES_ERROR;
				CLANG_WARN_UNREACHABLE_CODE = YES;
				CLANG_WARN__DUPLICATE_METHOD_MATCH = YES;
				"CODE_SIGN_IDENTITY[sdk=iphoneos*]" = "iPhone Developer";
				COPY_PHASE_STRIP = NO;
				DEBUG_INFORMATION_FORMAT = "dwarf-with-dsym";
				ENABLE_NS_ASSERTIONS = NO;
				ENABLE_STRICT_OBJC_MSGSEND = YES;
				GCC_C_LANGUAGE_STANDARD = gnu99;
				GCC_NO_COMMON_BLOCKS = YES;
				GCC_WARN_64_TO_32_BIT_CONVERSION = YES;
				GCC_WARN_ABOUT_RETURN_TYPE = YES_ERROR;
				GCC_WARN_UNDECLARED_SELECTOR = YES;
				GCC_WARN_UNINITIALIZED_AUTOS = YES_AGGRESSIVE;
				GCC_WARN_UNUSED_FUNCTION = YES;
				GCC_WARN_UNUSED_VARIABLE = YES;
				IPHONEOS_DEPLOYMENT_TARGET = 8.3;
				MTL_ENABLE_DEBUG_INFO = NO;
				SDKROOT = iphoneos;
				TARGETED_DEVICE_FAMILY = "1,2";
				VALIDATE_PRODUCT = YES;
			};
			name = Release;
		};
		36A750511B32F6F90017DBC3 /* Debug */ = {
			isa = XCBuildConfiguration;
			buildSettings = {
				ASSETCATALOG_COMPILER_APPICON_NAME = AppIcon;
				INFOPLIST_FILE = MySmartHome/Info.plist;
				LD_RUNPATH_SEARCH_PATHS = "$(inherited) @executable_path/Frameworks";
				PRODUCT_NAME = "$(TARGET_NAME)";
			};
			name = Debug;
		};
		36A750521B32F6F90017DBC3 /* Release */ = {
			isa = XCBuildConfiguration;
			buildSettings = {
				ASSETCATALOG_COMPILER_APPICON_NAME = AppIcon;
				INFOPLIST_FILE = MySmartHome/Info.plist;
				LD_RUNPATH_SEARCH_PATHS = "$(inherited) @executable_path/Frameworks";
				PRODUCT_NAME = "$(TARGET_NAME)";
			};
			name = Release;
		};
		36A750541B32F6F90017DBC3 /* Debug */ = {
			isa = XCBuildConfiguration;
			buildSettings = {
				BUNDLE_LOADER = "$(TEST_HOST)";
				FRAMEWORK_SEARCH_PATHS = (
					"$(SDKROOT)/Developer/Library/Frameworks",
					"$(inherited)",
				);
				GCC_PREPROCESSOR_DEFINITIONS = (
					"DEBUG=1",
					"$(inherited)",
				);
				INFOPLIST_FILE = MySmartHomeTests/Info.plist;
				LD_RUNPATH_SEARCH_PATHS = "$(inherited) @executable_path/Frameworks @loader_path/Frameworks";
				PRODUCT_NAME = "$(TARGET_NAME)";
				TEST_HOST = "$(BUILT_PRODUCTS_DIR)/MySmartHome.app/MySmartHome";
			};
			name = Debug;
		};
		36A750551B32F6F90017DBC3 /* Release */ = {
			isa = XCBuildConfiguration;
			buildSettings = {
				BUNDLE_LOADER = "$(TEST_HOST)";
				FRAMEWORK_SEARCH_PATHS = (
					"$(SDKROOT)/Developer/Library/Frameworks",
					"$(inherited)",
				);
				INFOPLIST_FILE = MySmartHomeTests/Info.plist;
				LD_RUNPATH_SEARCH_PATHS = "$(inherited) @executable_path/Frameworks @loader_path/Frameworks";
				PRODUCT_NAME = "$(TARGET_NAME)";
				TEST_HOST = "$(BUILT_PRODUCTS_DIR)/MySmartHome.app/MySmartHome";
			};
			name = Release;
		};
/* End XCBuildConfiguration section */

/* Begin XCConfigurationList section */
		36A750251B32F6F90017DBC3 /* Build configuration list for PBXProject "MySmartHome" */ = {
			isa = XCConfigurationList;
			buildConfigurations = (
				36A7504E1B32F6F90017DBC3 /* Debug */,
				36A7504F1B32F6F90017DBC3 /* Release */,
			);
			defaultConfigurationIsVisible = 0;
			defaultConfigurationName = Release;
		};
		36A750501B32F6F90017DBC3 /* Build configuration list for PBXNativeTarget "MySmartHome" */ = {
			isa = XCConfigurationList;
			buildConfigurations = (
				36A750511B32F6F90017DBC3 /* Debug */,
				36A750521B32F6F90017DBC3 /* Release */,
			);
			defaultConfigurationIsVisible = 0;
		};
		36A750531B32F6F90017DBC3 /* Build configuration list for PBXNativeTarget "MySmartHomeTests" */ = {
			isa = XCConfigurationList;
			buildConfigurations = (
				36A750541B32F6F90017DBC3 /* Debug */,
				36A750551B32F6F90017DBC3 /* Release */,
			);
			defaultConfigurationIsVisible = 0;
		};
/* End XCConfigurationList section */

/* Begin XCVersionGroup section */
		36A750341B32F6F90017DBC3 /* MySmartHome.xcdatamodeld */ = {
			isa = XCVersionGroup;
			children = (
				36A750351B32F6F90017DBC3 /* MySmartHome.xcdatamodel */,
			);
			currentVersion = 36A750351B32F6F90017DBC3 /* MySmartHome.xcdatamodel */;
			path = MySmartHome.xcdatamodeld;
			sourceTree = "<group>";
			versionGroupType = wrapper.xcdatamodel;
		};
/* End XCVersionGroup section */
	};
	rootObject = 36A750221B32F6F90017DBC3 /* Project object */;
}
